{
  "name": "wutsi-like-badge",
  "version": "0.0.1",
  "lockfileVersion": 2,
  "requires": true,
  "packages": {
    "": {
      "name": "wutsi-like-badge",
      "version": "0.0.1",
      "dependencies": {
        "uglify-js": "^3.13.2"
      }
    },
    "node_modules/uglify-js": {
      "version": "3.13.2",
      "resolved": "https://public-npm-virtual.artylab.expedia.biz/api/npm/public-npm-virtual/uglify-js/-/uglify-js-3.13.2.tgz",
      "integrity": "sha1-/hAxmGG8zIaCv+LoFR+92KqSHEQ=",
      "license": "BSD-2-Clause",
      "bin": {
        "uglifyjs": "bin/uglifyjs"
      },
      "engines": {
        "node": ">=0.8.0"
      }
    }
  },
  "dependencies": {
    "uglify-js": {
      "version": "3.13.2",
      "resolved": "https://public-npm-virtual.artylab.expedia.biz/api/npm/public-npm-virtual/uglify-js/-/uglify-js-3.13.2.tgz",
      "integrity": "sha1-/hAxmGG8zIaCv+LoFR+92KqSHEQ="
    }
  }
}
